<?xml version="1.0" encoding="utf-8"?>
<Project ToolsVersion="4.0" xmlns="http://schemas.microsoft.com/developer/msbuild/2003">
  <ItemGroup>
    <Filter Include="NOX">
      <UniqueIdentifier>{3A09880B-A612-887C-2F8E-9E7C9B96937C}</UniqueIdentifier>
    </Filter>
    <Filter Include="NOX\EventSystem">
      <UniqueIdentifier>{F0F51FDB-5C81-8D9F-6592-1094D19CE99F}</UniqueIdentifier>
    </Filter>
    <Filter Include="NOX\LogSystem">
      <UniqueIdentifier>{F0156F15-5CD6-EA4B-2511-34C991902F28}</UniqueIdentifier>
    </Filter>
    <Filter Include="linkcheck">
      <UniqueIdentifier>{B1D9F411-1D44-A988-6682-5A2ED22B87DD}</UniqueIdentifier>
    </Filter>
  </ItemGroup>
  <ItemGroup>
    <ClInclude Include="src\NOX\App.h">
      <Filter>NOX</Filter>
    </ClInclude>
    <ClInclude Include="src\NOX\Core.h">
      <Filter>NOX</Filter>
    </ClInclude>
    <ClInclude Include="src\NOX\EntryPoint.h">
      <Filter>NOX</Filter>
    </ClInclude>
    <ClInclude Include="src\NOX\EventSystem\ApplicationEvent.h">
      <Filter>NOX\EventSystem</Filter>
    </ClInclude>
    <ClInclude Include="src\NOX\EventSystem\Event.h">
      <Filter>NOX\EventSystem</Filter>
    </ClInclude>
    <ClInclude Include="src\NOX\EventSystem\KeyEvent.h">
      <Filter>NOX\EventSystem</Filter>
    </ClInclude>
    <ClInclude Include="src\NOX\EventSystem\MouseEvent.h">
      <Filter>NOX\EventSystem</Filter>
    </ClInclude>
    <ClInclude Include="src\NOX\LogSystem\Log.h">
      <Filter>NOX\LogSystem</Filter>
    </ClInclude>
    <ClInclude Include="src\Nox.h" />
    <ClInclude Include="src\Noxpch.h" />
    <ClInclude Include="src\linkcheck\linkcheck.h">
      <Filter>linkcheck</Filter>
    </ClInclude>
    <ClInclude Include="src\NOX\Window\Window.h" />
    <ClInclude Include="src\Platform\Windows\WindowsWindow.h" />
  </ItemGroup>
  <ItemGroup>
    <ClCompile Include="src\NOX\App.cpp">
      <Filter>NOX</Filter>
    </ClCompile>
    <ClCompile Include="src\NOX\LogSystem\Log.cpp">
      <Filter>NOX\LogSystem</Filter>
    </ClCompile>
    <ClCompile Include="src\Noxsph.cpp" />
    <ClCompile Include="src\linkcheck\linkcheck.cpp">
      <Filter>linkcheck</Filter>
    </ClCompile>
    <ClCompile Include="src\Platform\Windows\WindowsWindow.cpp" />
  </ItemGroup>
</Project>